
Microsoft Visual Studio Solution File, Format Version 12.00
# Visual Studio 15
Project("{FAE04EC0-301F-11D3-BF4B-00C04F79EFBC}") = "Unity.Timeline", "Unity.Timeline.csproj", "{B620F0C8-4985-A8A3-AE6C-99FA1D1785B8}"
EndProject
Project("{FAE04EC0-301F-11D3-BF4B-00C04F79EFBC}") = "Unity.Timeline.Editor", "Unity.Timeline.Editor.csproj", "{A2734ACE-1ED5-98BE-4097-76462F5ACE15}"
EndProject
Project("{FAE04EC0-301F-11D3-BF4B-00C04F79EFBC}") = "Unity.TextMeshPro.Editor", "Unity.TextMeshPro.Editor.csproj", "{EF4F81E4-C650-27FA-7C02-DC6D4E845224}"
EndProject
Project("{FAE04EC0-301F-11D3-BF4B-00C04F79EFBC}") = "Unity.VisualScripting.Flow", "Unity.VisualScripting.Flow.csproj", "{299D01A7-2057-783B-4DAA-D758171F7F4B}"
EndProject
Project("{FAE04EC0-301F-11D3-BF4B-00C04F79EFBC}") = "UnityEditor.UI", "UnityEditor.UI.csproj", "{B99E0852-CFE1-21FB-08D5-D79789ED4A8F}"
EndProject
Project("{FAE04EC0-301F-11D3-BF4B-00C04F79EFBC}") = "Unity.PlasticSCM.Editor", "Unity.PlasticSCM.Editor.csproj", "{37EE9633-2DDA-BC4A-15FD-B0BFEBC3BF88}"
EndProject
Project("{FAE04EC0-301F-11D3-BF4B-00C04F79EFBC}") = "Unity.VisualScripting.Core", "Unity.VisualScripting.Core.csproj", "{267CF3F0-04EB-358A-4E82-B2E1B700523A}"
EndProject
Project("{FAE04EC0-301F-11D3-BF4B-00C04F79EFBC}") = "Unity.VisualScripting.Core.Editor", "Unity.VisualScripting.Core.Editor.csproj", "{2768FDC8-6595-F29C-0F27-511CC40AA239}"
EndProject
Project("{FAE04EC0-301F-11D3-BF4B-00C04F79EFBC}") = "Unity.VisualScripting.Flow.Editor", "Unity.VisualScripting.Flow.Editor.csproj", "{C9F7ED43-A320-D6FD-A378-9DD745A6A836}"
EndProject
Project("{FAE04EC0-301F-11D3-BF4B-00C04F79EFBC}") = "UnityEditor.TestRunner", "UnityEditor.TestRunner.csproj", "{6A53703F-2A84-8C24-8E43-FF6585327A9F}"
EndProject
Project("{FAE04EC0-301F-11D3-BF4B-00C04F79EFBC}") = "Unity.VisualScripting.SettingsProvider.Editor", "Unity.VisualScripting.SettingsProvider.Editor.csproj", "{BF9E3087-A4A1-27C9-3D16-C2CA4AB8E7DC}"
EndProject
Project("{FAE04EC0-301F-11D3-BF4B-00C04F79EFBC}") = "UnityEngine.TestRunner", "UnityEngine.TestRunner.csproj", "{A4E5332C-22DB-59E3-76D9-4B62F5670689}"
EndProject
Project("{FAE04EC0-301F-11D3-BF4B-00C04F79EFBC}") = "UnityEngine.UI", "UnityEngine.UI.csproj", "{DD46F682-9E90-6E33-0C4E-ECD5A5A68775}"
EndProject
Project("{FAE04EC0-301F-11D3-BF4B-00C04F79EFBC}") = "Unity.VisualStudio.Editor", "Unity.VisualStudio.Editor.csproj", "{3D89A988-7C87-EED7-6CC9-5BDD956331BA}"
EndProject
Project("{FAE04EC0-301F-11D3-BF4B-00C04F79EFBC}") = "Unity.TestTools.CodeCoverage.Editor.OpenCover.Model", "Unity.TestTools.CodeCoverage.Editor.OpenCover.Model.csproj", "{C67AFB2C-E85A-79AA-9BA9-38FAB902DFB5}"
EndProject
Project("{FAE04EC0-301F-11D3-BF4B-00C04F79EFBC}") = "Unity.Rider.Editor", "Unity.Rider.Editor.csproj", "{FB9F2320-FEF8-B21E-0316-A175369CD466}"
EndProject
Project("{FAE04EC0-301F-11D3-BF4B-00C04F79EFBC}") = "Unity.VisualScripting.State.Editor", "Unity.VisualScripting.State.Editor.csproj", "{A48B263D-427C-FA9D-F4F8-1EFA39A09622}"
EndProject
Project("{FAE04EC0-301F-11D3-BF4B-00C04F79EFBC}") = "Unity.TestTools.CodeCoverage.Editor", "Unity.TestTools.CodeCoverage.Editor.csproj", "{7A4EF351-7392-B527-3C84-7697E5DE4524}"
EndProject
Project("{FAE04EC0-301F-11D3-BF4B-00C04F79EFBC}") = "Unity.VisualScripting.State", "Unity.VisualScripting.State.csproj", "{DF4337BA-8737-AFD3-B570-1DE511DD1C64}"
EndProject
Project("{FAE04EC0-301F-11D3-BF4B-00C04F79EFBC}") = "Unity.TextMeshPro", "Unity.TextMeshPro.csproj", "{B997F887-3D1D-22B2-9092-67C7A61864A0}"
EndProject
Project("{FAE04EC0-301F-11D3-BF4B-00C04F79EFBC}") = "Unity.Performance.Profile-Analyzer.Editor", "Unity.Performance.Profile-Analyzer.Editor.csproj", "{2757AE9D-939F-A216-1A65-19165239966B}"
EndProject
Project("{FAE04EC0-301F-11D3-BF4B-00C04F79EFBC}") = "Unity.VSCode.Editor", "Unity.VSCode.Editor.csproj", "{372718D7-283B-3B42-856C-EBF910077F9D}"
EndProject
Project("{FAE04EC0-301F-11D3-BF4B-00C04F79EFBC}") = "Unity.TestTools.CodeCoverage.Editor.OpenCover.Mono.Reflection", "Unity.TestTools.CodeCoverage.Editor.OpenCover.Mono.Reflection.csproj", "{F91DE09E-FA90-6FC9-DE3F-767D1FE6C66F}"
EndProject
Project("{FAE04EC0-301F-11D3-BF4B-00C04F79EFBC}") = "Unity.Settings.Editor", "Unity.Settings.Editor.csproj", "{2FC5B21B-A452-9AD1-6C76-3C9A9E97EC8B}"
EndProject
Project("{FAE04EC0-301F-11D3-BF4B-00C04F79EFBC}") = "sc.terrain.painter.runtime", "sc.terrain.painter.runtime.csproj", "{F8A76256-314A-AF47-F8CE-E2443989E6ED}"
EndProject
Project("{FAE04EC0-301F-11D3-BF4B-00C04F79EFBC}") = "sc.terrain.painter.editor", "sc.terrain.painter.editor.csproj", "{1686269A-4B5A-8431-01D2-4D1A45049223}"
EndProject
Project("{FAE04EC0-301F-11D3-BF4B-00C04F79EFBC}") = "Unity.EditorCoroutines.Editor", "Unity.EditorCoroutines.Editor.csproj", "{C26CF6BD-7A1F-B2BF-E390-4302DE7F3268}"
EndProject
Project("{FAE04EC0-301F-11D3-BF4B-00C04F79EFBC}") = "Assembly-CSharp", "Assembly-CSharp.csproj", "{2546A282-5FF7-5159-07A7-243B86493BC8}"
EndProject
Project("{FAE04EC0-301F-11D3-BF4B-00C04F79EFBC}") = "Unity.VisualScripting.Shared.Editor", "Unity.VisualScripting.Shared.Editor.csproj", "{F9939077-1BE9-72FE-B7F2-A3B13CE4B776}"
EndProject
Project("{FAE04EC0-301F-11D3-BF4B-00C04F79EFBC}") = "Unity.CollabProxy.Editor", "Unity.CollabProxy.Editor.csproj", "{B2E8FC67-B702-F7CC-94D0-8B06BAE036A4}"
EndProject
Project("{FAE04EC0-301F-11D3-BF4B-00C04F79EFBC}") = "Unity.Timeline", "Unity.Timeline.Player.csproj", "{D123467C-DB2E-4B10-6C50-A0B407434AEF}"
EndProject
Project("{FAE04EC0-301F-11D3-BF4B-00C04F79EFBC}") = "Unity.VisualScripting.Flow", "Unity.VisualScripting.Flow.Player.csproj", "{43B3EBCF-4A77-83D8-F3EF-2285F98427E4}"
EndProject
Project("{FAE04EC0-301F-11D3-BF4B-00C04F79EFBC}") = "Unity.VisualScripting.Core", "Unity.VisualScripting.Core.Player.csproj", "{756364B4-5508-4537-7A18-4644201D3D4D}"
EndProject
Project("{FAE04EC0-301F-11D3-BF4B-00C04F79EFBC}") = "UnityEngine.TestRunner", "UnityEngine.TestRunner.Player.csproj", "{D26C42DB-A0D1-35C9-07B2-61B5B39B58EE}"
EndProject
Project("{FAE04EC0-301F-11D3-BF4B-00C04F79EFBC}") = "UnityEngine.UI", "UnityEngine.UI.Player.csproj", "{7C29A467-FDED-58B2-9E73-7EFBE42732B4}"
EndProject
Project("{FAE04EC0-301F-11D3-BF4B-00C04F79EFBC}") = "Unity.VisualScripting.State", "Unity.VisualScripting.State.Player.csproj", "{5334E618-FCF8-B324-27CA-DE1C94D1FAD3}"
EndProject
Project("{FAE04EC0-301F-11D3-BF4B-00C04F79EFBC}") = "Unity.TextMeshPro", "Unity.TextMeshPro.Player.csproj", "{B7AD185A-BACA-6F56-35A7-3CAB2531FDA1}"
EndProject
Project("{FAE04EC0-301F-11D3-BF4B-00C04F79EFBC}") = "sc.terrain.painter.runtime", "sc.terrain.painter.runtime.Player.csproj", "{282565F0-6428-EB27-DEF0-74A19D30BF3C}"
EndProject
Project("{FAE04EC0-301F-11D3-BF4B-00C04F79EFBC}") = "Assembly-CSharp", "Assembly-CSharp.Player.csproj", "{08A2E9D8-C74D-85DF-7C74-7FFECF9A8154}"
EndProject
Global
	GlobalSection(SolutionConfigurationPlatforms) = preSolution
		Debug|Any CPU = Debug|Any CPU
		Release|Any CPU = Release|Any CPU
	EndGlobalSection
	GlobalSection(ProjectConfigurationPlatforms) = postSolution
		{B620F0C8-4985-A8A3-AE6C-99FA1D1785B8}.Debug|Any CPU.ActiveCfg = Debug|Any CPU
		{B620F0C8-4985-A8A3-AE6C-99FA1D1785B8}.Debug|Any CPU.Build.0 = Debug|Any CPU
		{B620F0C8-4985-A8A3-AE6C-99FA1D1785B8}.Release|Any CPU.ActiveCfg = Release|Any CPU
		{B620F0C8-4985-A8A3-AE6C-99FA1D1785B8}.Release|Any CPU.Build.0 = Release|Any CPU
		{A2734ACE-1ED5-98BE-4097-76462F5ACE15}.Debug|Any CPU.ActiveCfg = Debug|Any CPU
		{A2734ACE-1ED5-98BE-4097-76462F5ACE15}.Debug|Any CPU.Build.0 = Debug|Any CPU
		{A2734ACE-1ED5-98BE-4097-76462F5ACE15}.Release|Any CPU.ActiveCfg = Release|Any CPU
		{A2734ACE-1ED5-98BE-4097-76462F5ACE15}.Release|Any CPU.Build.0 = Release|Any CPU
		{EF4F81E4-C650-27FA-7C02-DC6D4E845224}.Debug|Any CPU.ActiveCfg = Debug|Any CPU
		{EF4F81E4-C650-27FA-7C02-DC6D4E845224}.Debug|Any CPU.Build.0 = Debug|Any CPU
		{EF4F81E4-C650-27FA-7C02-DC6D4E845224}.Release|Any CPU.ActiveCfg = Release|Any CPU
		{EF4F81E4-C650-27FA-7C02-DC6D4E845224}.Release|Any CPU.Build.0 = Release|Any CPU
		{299D01A7-2057-783B-4DAA-D758171F7F4B}.Debug|Any CPU.ActiveCfg = Debug|Any CPU
		{299D01A7-2057-783B-4DAA-D758171F7F4B}.Debug|Any CPU.Build.0 = Debug|Any CPU
		{299D01A7-2057-783B-4DAA-D758171F7F4B}.Release|Any CPU.ActiveCfg = Release|Any CPU
		{299D01A7-2057-783B-4DAA-D758171F7F4B}.Release|Any CPU.Build.0 = Release|Any CPU
		{B99E0852-CFE1-21FB-08D5-D79789ED4A8F}.Debug|Any CPU.ActiveCfg = Debug|Any CPU
		{B99E0852-CFE1-21FB-08D5-D79789ED4A8F}.Debug|Any CPU.Build.0 = Debug|Any CPU
		{B99E0852-CFE1-21FB-08D5-D79789ED4A8F}.Release|Any CPU.ActiveCfg = Release|Any CPU
		{B99E0852-CFE1-21FB-08D5-D79789ED4A8F}.Release|Any CPU.Build.0 = Release|Any CPU
		{37EE9633-2DDA-BC4A-15FD-B0BFEBC3BF88}.Debug|Any CPU.ActiveCfg = Debug|Any CPU
		{37EE9633-2DDA-BC4A-15FD-B0BFEBC3BF88}.Debug|Any CPU.Build.0 = Debug|Any CPU
		{37EE9633-2DDA-BC4A-15FD-B0BFEBC3BF88}.Release|Any CPU.ActiveCfg = Release|Any CPU
		{37EE9633-2DDA-BC4A-15FD-B0BFEBC3BF88}.Release|Any CPU.Build.0 = Release|Any CPU
		{267CF3F0-04EB-358A-4E82-B2E1B700523A}.Debug|Any CPU.ActiveCfg = Debug|Any CPU
		{267CF3F0-04EB-358A-4E82-B2E1B700523A}.Debug|Any CPU.Build.0 = Debug|Any CPU
		{267CF3F0-04EB-358A-4E82-B2E1B700523A}.Release|Any CPU.ActiveCfg = Release|Any CPU
		{267CF3F0-04EB-358A-4E82-B2E1B700523A}.Release|Any CPU.Build.0 = Release|Any CPU
		{2768FDC8-6595-F29C-0F27-511CC40AA239}.Debug|Any CPU.ActiveCfg = Debug|Any CPU
		{2768FDC8-6595-F29C-0F27-511CC40AA239}.Debug|Any CPU.Build.0 = Debug|Any CPU
		{2768FDC8-6595-F29C-0F27-511CC40AA239}.Release|Any CPU.ActiveCfg = Release|Any CPU
		{2768FDC8-6595-F29C-0F27-511CC40AA239}.Release|Any CPU.Build.0 = Release|Any CPU
		{C9F7ED43-A320-D6FD-A378-9DD745A6A836}.Debug|Any CPU.ActiveCfg = Debug|Any CPU
		{C9F7ED43-A320-D6FD-A378-9DD745A6A836}.Debug|Any CPU.Build.0 = Debug|Any CPU
		{C9F7ED43-A320-D6FD-A378-9DD745A6A836}.Release|Any CPU.ActiveCfg = Release|Any CPU
		{C9F7ED43-A320-D6FD-A378-9DD745A6A836}.Release|Any CPU.Build.0 = Release|Any CPU
		{6A53703F-2A84-8C24-8E43-FF6585327A9F}.Debug|Any CPU.ActiveCfg = Debug|Any CPU
		{6A53703F-2A84-8C24-8E43-FF6585327A9F}.Debug|Any CPU.Build.0 = Debug|Any CPU
		{6A53703F-2A84-8C24-8E43-FF6585327A9F}.Release|Any CPU.ActiveCfg = Release|Any CPU
		{6A53703F-2A84-8C24-8E43-FF6585327A9F}.Release|Any CPU.Build.0 = Release|Any CPU
		{BF9E3087-A4A1-27C9-3D16-C2CA4AB8E7DC}.Debug|Any CPU.ActiveCfg = Debug|Any CPU
		{BF9E3087-A4A1-27C9-3D16-C2CA4AB8E7DC}.Debug|Any CPU.Build.0 = Debug|Any CPU
		{BF9E3087-A4A1-27C9-3D16-C2CA4AB8E7DC}.Release|Any CPU.ActiveCfg = Release|Any CPU
		{BF9E3087-A4A1-27C9-3D16-C2CA4AB8E7DC}.Release|Any CPU.Build.0 = Release|Any CPU
		{A4E5332C-22DB-59E3-76D9-4B62F5670689}.Debug|Any CPU.ActiveCfg = Debug|Any CPU
		{A4E5332C-22DB-59E3-76D9-4B62F5670689}.Debug|Any CPU.Build.0 = Debug|Any CPU
		{A4E5332C-22DB-59E3-76D9-4B62F5670689}.Release|Any CPU.ActiveCfg = Release|Any CPU
		{A4E5332C-22DB-59E3-76D9-4B62F5670689}.Release|Any CPU.Build.0 = Release|Any CPU
		{DD46F682-9E90-6E33-0C4E-ECD5A5A68775}.Debug|Any CPU.ActiveCfg = Debug|Any CPU
		{DD46F682-9E90-6E33-0C4E-ECD5A5A68775}.Debug|Any CPU.Build.0 = Debug|Any CPU
		{DD46F682-9E90-6E33-0C4E-ECD5A5A68775}.Release|Any CPU.ActiveCfg = Release|Any CPU
		{DD46F682-9E90-6E33-0C4E-ECD5A5A68775}.Release|Any CPU.Build.0 = Release|Any CPU
		{3D89A988-7C87-EED7-6CC9-5BDD956331BA}.Debug|Any CPU.ActiveCfg = Debug|Any CPU
		{3D89A988-7C87-EED7-6CC9-5BDD956331BA}.Debug|Any CPU.Build.0 = Debug|Any CPU
		{3D89A988-7C87-EED7-6CC9-5BDD956331BA}.Release|Any CPU.ActiveCfg = Release|Any CPU
		{3D89A988-7C87-EED7-6CC9-5BDD956331BA}.Release|Any CPU.Build.0 = Release|Any CPU
		{C67AFB2C-E85A-79AA-9BA9-38FAB902DFB5}.Debug|Any CPU.ActiveCfg = Debug|Any CPU
		{C67AFB2C-E85A-79AA-9BA9-38FAB902DFB5}.Debug|Any CPU.Build.0 = Debug|Any CPU
		{C67AFB2C-E85A-79AA-9BA9-38FAB902DFB5}.Release|Any CPU.ActiveCfg = Release|Any CPU
		{C67AFB2C-E85A-79AA-9BA9-38FAB902DFB5}.Release|Any CPU.Build.0 = Release|Any CPU
		{FB9F2320-FEF8-B21E-0316-A175369CD466}.Debug|Any CPU.ActiveCfg = Debug|Any CPU
		{FB9F2320-FEF8-B21E-0316-A175369CD466}.Debug|Any CPU.Build.0 = Debug|Any CPU
		{FB9F2320-FEF8-B21E-0316-A175369CD466}.Release|Any CPU.ActiveCfg = Release|Any CPU
		{FB9F2320-FEF8-B21E-0316-A175369CD466}.Release|Any CPU.Build.0 = Release|Any CPU
		{A48B263D-427C-FA9D-F4F8-1EFA39A09622}.Debug|Any CPU.ActiveCfg = Debug|Any CPU
		{A48B263D-427C-FA9D-F4F8-1EFA39A09622}.Debug|Any CPU.Build.0 = Debug|Any CPU
		{A48B263D-427C-FA9D-F4F8-1EFA39A09622}.Release|Any CPU.ActiveCfg = Release|Any CPU
		{A48B263D-427C-FA9D-F4F8-1EFA39A09622}.Release|Any CPU.Build.0 = Release|Any CPU
		{7A4EF351-7392-B527-3C84-7697E5DE4524}.Debug|Any CPU.ActiveCfg = Debug|Any CPU
		{7A4EF351-7392-B527-3C84-7697E5DE4524}.Debug|Any CPU.Build.0 = Debug|Any CPU
		{7A4EF351-7392-B527-3C84-7697E5DE4524}.Release|Any CPU.ActiveCfg = Release|Any CPU
		{7A4EF351-7392-B527-3C84-7697E5DE4524}.Release|Any CPU.Build.0 = Release|Any CPU
		{DF4337BA-8737-AFD3-B570-1DE511DD1C64}.Debug|Any CPU.ActiveCfg = Debug|Any CPU
		{DF4337BA-8737-AFD3-B570-1DE511DD1C64}.Debug|Any CPU.Build.0 = Debug|Any CPU
		{DF4337BA-8737-AFD3-B570-1DE511DD1C64}.Release|Any CPU.ActiveCfg = Release|Any CPU
		{DF4337BA-8737-AFD3-B570-1DE511DD1C64}.Release|Any CPU.Build.0 = Release|Any CPU
		{B997F887-3D1D-22B2-9092-67C7A61864A0}.Debug|Any CPU.ActiveCfg = Debug|Any CPU
		{B997F887-3D1D-22B2-9092-67C7A61864A0}.Debug|Any CPU.Build.0 = Debug|Any CPU
		{B997F887-3D1D-22B2-9092-67C7A61864A0}.Release|Any CPU.ActiveCfg = Release|Any CPU
		{B997F887-3D1D-22B2-9092-67C7A61864A0}.Release|Any CPU.Build.0 = Release|Any CPU
		{2757AE9D-939F-A216-1A65-19165239966B}.Debug|Any CPU.ActiveCfg = Debug|Any CPU
		{2757AE9D-939F-A216-1A65-19165239966B}.Debug|Any CPU.Build.0 = Debug|Any CPU
		{2757AE9D-939F-A216-1A65-19165239966B}.Release|Any CPU.ActiveCfg = Release|Any CPU
		{2757AE9D-939F-A216-1A65-19165239966B}.Release|Any CPU.Build.0 = Release|Any CPU
		{372718D7-283B-3B42-856C-EBF910077F9D}.Debug|Any CPU.ActiveCfg = Debug|Any CPU
		{372718D7-283B-3B42-856C-EBF910077F9D}.Debug|Any CPU.Build.0 = Debug|Any CPU
		{372718D7-283B-3B42-856C-EBF910077F9D}.Release|Any CPU.ActiveCfg = Release|Any CPU
		{372718D7-283B-3B42-856C-EBF910077F9D}.Release|Any CPU.Build.0 = Release|Any CPU
		{F91DE09E-FA90-6FC9-DE3F-767D1FE6C66F}.Debug|Any CPU.ActiveCfg = Debug|Any CPU
		{F91DE09E-FA90-6FC9-DE3F-767D1FE6C66F}.Debug|Any CPU.Build.0 = Debug|Any CPU
		{F91DE09E-FA90-6FC9-DE3F-767D1FE6C66F}.Release|Any CPU.ActiveCfg = Release|Any CPU
		{F91DE09E-FA90-6FC9-DE3F-767D1FE6C66F}.Release|Any CPU.Build.0 = Release|Any CPU
		{2FC5B21B-A452-9AD1-6C76-3C9A9E97EC8B}.Debug|Any CPU.ActiveCfg = Debug|Any CPU
		{2FC5B21B-A452-9AD1-6C76-3C9A9E97EC8B}.Debug|Any CPU.Build.0 = Debug|Any CPU
		{2FC5B21B-A452-9AD1-6C76-3C9A9E97EC8B}.Release|Any CPU.ActiveCfg = Release|Any CPU
		{2FC5B21B-A452-9AD1-6C76-3C9A9E97EC8B}.Release|Any CPU.Build.0 = Release|Any CPU
		{F8A76256-314A-AF47-F8CE-E2443989E6ED}.Debug|Any CPU.ActiveCfg = Debug|Any CPU
		{F8A76256-314A-AF47-F8CE-E2443989E6ED}.Debug|Any CPU.Build.0 = Debug|Any CPU
		{F8A76256-314A-AF47-F8CE-E2443989E6ED}.Release|Any CPU.ActiveCfg = Release|Any CPU
		{F8A76256-314A-AF47-F8CE-E2443989E6ED}.Release|Any CPU.Build.0 = Release|Any CPU
		{1686269A-4B5A-8431-01D2-4D1A45049223}.Debug|Any CPU.ActiveCfg = Debug|Any CPU
		{1686269A-4B5A-8431-01D2-4D1A45049223}.Debug|Any CPU.Build.0 = Debug|Any CPU
		{1686269A-4B5A-8431-01D2-4D1A45049223}.Release|Any CPU.ActiveCfg = Release|Any CPU
		{1686269A-4B5A-8431-01D2-4D1A45049223}.Release|Any CPU.Build.0 = Release|Any CPU
		{C26CF6BD-7A1F-B2BF-E390-4302DE7F3268}.Debug|Any CPU.ActiveCfg = Debug|Any CPU
		{C26CF6BD-7A1F-B2BF-E390-4302DE7F3268}.Debug|Any CPU.Build.0 = Debug|Any CPU
		{C26CF6BD-7A1F-B2BF-E390-4302DE7F3268}.Release|Any CPU.ActiveCfg = Release|Any CPU
		{C26CF6BD-7A1F-B2BF-E390-4302DE7F3268}.Release|Any CPU.Build.0 = Release|Any CPU
		{2546A282-5FF7-5159-07A7-243B86493BC8}.Debug|Any CPU.ActiveCfg = Debug|Any CPU
		{2546A282-5FF7-5159-07A7-243B86493BC8}.Debug|Any CPU.Build.0 = Debug|Any CPU
		{2546A282-5FF7-5159-07A7-243B86493BC8}.Release|Any CPU.ActiveCfg = Release|Any CPU
		{2546A282-5FF7-5159-07A7-243B86493BC8}.Release|Any CPU.Build.0 = Release|Any CPU
		{F9939077-1BE9-72FE-B7F2-A3B13CE4B776}.Debug|Any CPU.ActiveCfg = Debug|Any CPU
		{F9939077-1BE9-72FE-B7F2-A3B13CE4B776}.Debug|Any CPU.Build.0 = Debug|Any CPU
		{F9939077-1BE9-72FE-B7F2-A3B13CE4B776}.Release|Any CPU.ActiveCfg = Release|Any CPU
		{F9939077-1BE9-72FE-B7F2-A3B13CE4B776}.Release|Any CPU.Build.0 = Release|Any CPU
		{B2E8FC67-B702-F7CC-94D0-8B06BAE036A4}.Debug|Any CPU.ActiveCfg = Debug|Any CPU
		{B2E8FC67-B702-F7CC-94D0-8B06BAE036A4}.Debug|Any CPU.Build.0 = Debug|Any CPU
		{B2E8FC67-B702-F7CC-94D0-8B06BAE036A4}.Release|Any CPU.ActiveCfg = Release|Any CPU
		{B2E8FC67-B702-F7CC-94D0-8B06BAE036A4}.Release|Any CPU.Build.0 = Release|Any CPU
		{D123467C-DB2E-4B10-6C50-A0B407434AEF}.Debug|Any CPU.ActiveCfg = Debug|Any CPU
		{D123467C-DB2E-4B10-6C50-A0B407434AEF}.Debug|Any CPU.Build.0 = Debug|Any CPU
		{D123467C-DB2E-4B10-6C50-A0B407434AEF}.Release|Any CPU.ActiveCfg = Release|Any CPU
		{D123467C-DB2E-4B10-6C50-A0B407434AEF}.Release|Any CPU.Build.0 = Release|Any CPU
		{43B3EBCF-4A77-83D8-F3EF-2285F98427E4}.Debug|Any CPU.ActiveCfg = Debug|Any CPU
		{43B3EBCF-4A77-83D8-F3EF-2285F98427E4}.Debug|Any CPU.Build.0 = Debug|Any CPU
		{43B3EBCF-4A77-83D8-F3EF-2285F98427E4}.Release|Any CPU.ActiveCfg = Release|Any CPU
		{43B3EBCF-4A77-83D8-F3EF-2285F98427E4}.Release|Any CPU.Build.0 = Release|Any CPU
		{756364B4-5508-4537-7A18-4644201D3D4D}.Debug|Any CPU.ActiveCfg = Debug|Any CPU
		{756364B4-5508-4537-7A18-4644201D3D4D}.Debug|Any CPU.Build.0 = Debug|Any CPU
		{756364B4-5508-4537-7A18-4644201D3D4D}.Release|Any CPU.ActiveCfg = Release|Any CPU
		{756364B4-5508-4537-7A18-4644201D3D4D}.Release|Any CPU.Build.0 = Release|Any CPU
		{D26C42DB-A0D1-35C9-07B2-61B5B39B58EE}.Debug|Any CPU.ActiveCfg = Debug|Any CPU
		{D26C42DB-A0D1-35C9-07B2-61B5B39B58EE}.Debug|Any CPU.Build.0 = Debug|Any CPU
		{D26C42DB-A0D1-35C9-07B2-61B5B39B58EE}.Release|Any CPU.ActiveCfg = Release|Any CPU
		{D26C42DB-A0D1-35C9-07B2-61B5B39B58EE}.Release|Any CPU.Build.0 = Release|Any CPU
		{7C29A467-FDED-58B2-9E73-7EFBE42732B4}.Debug|Any CPU.ActiveCfg = Debug|Any CPU
		{7C29A467-FDED-58B2-9E73-7EFBE42732B4}.Debug|Any CPU.Build.0 = Debug|Any CPU
		{7C29A467-FDED-58B2-9E73-7EFBE42732B4}.Release|Any CPU.ActiveCfg = Release|Any CPU
		{7C29A467-FDED-58B2-9E73-7EFBE42732B4}.Release|Any CPU.Build.0 = Release|Any CPU
		{5334E618-FCF8-B324-27CA-DE1C94D1FAD3}.Debug|Any CPU.ActiveCfg = Debug|Any CPU
		{5334E618-FCF8-B324-27CA-DE1C94D1FAD3}.Debug|Any CPU.Build.0 = Debug|Any CPU
		{5334E618-FCF8-B324-27CA-DE1C94D1FAD3}.Release|Any CPU.ActiveCfg = Release|Any CPU
		{5334E618-FCF8-B324-27CA-DE1C94D1FAD3}.Release|Any CPU.Build.0 = Release|Any CPU
		{B7AD185A-BACA-6F56-35A7-3CAB2531FDA1}.Debug|Any CPU.ActiveCfg = Debug|Any CPU
		{B7AD185A-BACA-6F56-35A7-3CAB2531FDA1}.Debug|Any CPU.Build.0 = Debug|Any CPU
		{B7AD185A-BACA-6F56-35A7-3CAB2531FDA1}.Release|Any CPU.ActiveCfg = Release|Any CPU
		{B7AD185A-BACA-6F56-35A7-3CAB2531FDA1}.Release|Any CPU.Build.0 = Release|Any CPU
		{282565F0-6428-EB27-DEF0-74A19D30BF3C}.Debug|Any CPU.ActiveCfg = Debug|Any CPU
		{282565F0-6428-EB27-DEF0-74A19D30BF3C}.Debug|Any CPU.Build.0 = Debug|Any CPU
		{282565F0-6428-EB27-DEF0-74A19D30BF3C}.Release|Any CPU.ActiveCfg = Release|Any CPU
		{282565F0-6428-EB27-DEF0-74A19D30BF3C}.Release|Any CPU.Build.0 = Release|Any CPU
		{08A2E9D8-C74D-85DF-7C74-7FFECF9A8154}.Debug|Any CPU.ActiveCfg = Debug|Any CPU
		{08A2E9D8-C74D-85DF-7C74-7FFECF9A8154}.Debug|Any CPU.Build.0 = Debug|Any CPU
		{08A2E9D8-C74D-85DF-7C74-7FFECF9A8154}.Release|Any CPU.ActiveCfg = Release|Any CPU
		{08A2E9D8-C74D-85DF-7C74-7FFECF9A8154}.Release|Any CPU.Build.0 = Release|Any CPU
	EndGlobalSection
	GlobalSection(SolutionProperties) = preSolution
		HideSolutionNode = FALSE
	EndGlobalSection
EndGlobal
